
Microsoft Visual Studio Solution File, Format Version 12.00
# Visual Studio Version 17
VisualStudioVersion = 17.6.33801.468
MinimumVisualStudioVersion = 10.0.40219.1
Project("{FAE04EC0-301F-11D3-BF4B-00C04F79EFBC}") = "AssignTask2", "AssignTask2.csproj", "{747403BE-988C-47B0-B9D1-3E3F56A51126}"
EndProject
Global
	GlobalSection(SolutionConfigurationPlatforms) = preSolution
		Debug|Any CPU = Debug|Any CPU
		Release|Any CPU = Release|Any CPU
	EndGlobalSection
	GlobalSection(ProjectConfigurationPlatforms) = postSolution
		{747403BE-988C-47B0-B9D1-3E3F56A51126}.Debug|Any CPU.ActiveCfg = Debug|Any CPU
		{747403BE-988C-47B0-B9D1-3E3F56A51126}.Debug|Any CPU.Build.0 = Debug|Any CPU
		{747403BE-988C-47B0-B9D1-3E3F56A51126}.Release|Any CPU.ActiveCfg = Release|Any CPU
		{747403BE-988C-47B0-B9D1-3E3F56A51126}.Release|Any CPU.Build.0 = Release|Any CPU
	EndGlobalSection
	GlobalSection(SolutionProperties) = preSolution
		HideSolutionNode = FALSE
	EndGlobalSection
	GlobalSection(ExtensibilityGlobals) = postSolution
		SolutionGuid = {2525DB1F-E80B-429D-B2B4-96E148F106A7}
	EndGlobalSection
EndGlobal
